
Microsoft Visual Studio Solution File, Format Version 12.00
# Visual Studio Version 17
VisualStudioVersion = 17.7.34031.279
MinimumVisualStudioVersion = 10.0.40219.1
Project("{8BC9CEB8-8B4A-11D0-8D11-00A0C91BC942}") = "Практика Петрушев.cpp", "Практика Петрушев.cpp\Практика Петрушев.cpp.vcxproj", "{4F5E1943-A0F9-4EF2-B65E-0FD78F19CEAA}"
EndProject
Global
	GlobalSection(SolutionConfigurationPlatforms) = preSolution
		Debug|x64 = Debug|x64
		Debug|x86 = Debug|x86
		Release|x64 = Release|x64
		Release|x86 = Release|x86
	EndGlobalSection
	GlobalSection(ProjectConfigurationPlatforms) = postSolution
		{4F5E1943-A0F9-4EF2-B65E-0FD78F19CEAA}.Debug|x64.ActiveCfg = Debug|x64
		{4F5E1943-A0F9-4EF2-B65E-0FD78F19CEAA}.Debug|x64.Build.0 = Debug|x64
		{4F5E1943-A0F9-4EF2-B65E-0FD78F19CEAA}.Debug|x86.ActiveCfg = Debug|Win32
		{4F5E1943-A0F9-4EF2-B65E-0FD78F19CEAA}.Debug|x86.Build.0 = Debug|Win32
		{4F5E1943-A0F9-4EF2-B65E-0FD78F19CEAA}.Release|x64.ActiveCfg = Release|x64
		{4F5E1943-A0F9-4EF2-B65E-0FD78F19CEAA}.Release|x64.Build.0 = Release|x64
		{4F5E1943-A0F9-4EF2-B65E-0FD78F19CEAA}.Release|x86.ActiveCfg = Release|Win32
		{4F5E1943-A0F9-4EF2-B65E-0FD78F19CEAA}.Release|x86.Build.0 = Release|Win32
	EndGlobalSection
	GlobalSection(SolutionProperties) = preSolution
		HideSolutionNode = FALSE
	EndGlobalSection
	GlobalSection(ExtensibilityGlobals) = postSolution
		SolutionGuid = {A0509CB7-DB9E-467F-9E16-1730F507C84D}
	EndGlobalSection
EndGlobal
